
Microsoft Visual Studio Solution File, Format Version 12.00
# Visual Studio Version 17
VisualStudioVersion = 17.3.32819.101
MinimumVisualStudioVersion = 10.0.40219.1
Project("{FAE04EC0-301F-11D3-BF4B-00C04F79EFBC}") = "WinRng", "WinRng\WinRng.csproj", "{D020C303-8DAF-42C0-A4BD-C94E01D21EF8}"
EndProject
Global
	GlobalSection(SolutionConfigurationPlatforms) = preSolution
		Debug|Any CPU = Debug|Any CPU
		Release|Any CPU = Release|Any CPU
	EndGlobalSection
	GlobalSection(ProjectConfigurationPlatforms) = postSolution
		{D020C303-8DAF-42C0-A4BD-C94E01D21EF8}.Debug|Any CPU.ActiveCfg = Debug|Any CPU
		{D020C303-8DAF-42C0-A4BD-C94E01D21EF8}.Debug|Any CPU.Build.0 = Debug|Any CPU
		{D020C303-8DAF-42C0-A4BD-C94E01D21EF8}.Release|Any CPU.ActiveCfg = Release|Any CPU
		{D020C303-8DAF-42C0-A4BD-C94E01D21EF8}.Release|Any CPU.Build.0 = Release|Any CPU
	EndGlobalSection
	GlobalSection(SolutionProperties) = preSolution
		HideSolutionNode = FALSE
	EndGlobalSection
	GlobalSection(ExtensibilityGlobals) = postSolution
		SolutionGuid = {C4CC76FD-266A-48D9-8D83-7628F35AA750}
	EndGlobalSection
EndGlobal
