
Microsoft Visual Studio Solution File, Format Version 11.00
# Visual Studio 2010
Project("{FAE04EC0-301F-11D3-BF4B-00C04F79EFBC}") = "BinarySearchTimings", "BinarySearchTimings\BinarySearchTimings.csproj", "{85F73650-8487-46C4-86D1-FE745B59B364}"
EndProject
Global
	GlobalSection(SolutionConfigurationPlatforms) = preSolution
		Debug|x86 = Debug|x86
		Release|x86 = Release|x86
	EndGlobalSection
	GlobalSection(ProjectConfigurationPlatforms) = postSolution
		{85F73650-8487-46C4-86D1-FE745B59B364}.Debug|x86.ActiveCfg = Debug|x86
		{85F73650-8487-46C4-86D1-FE745B59B364}.Debug|x86.Build.0 = Debug|x86
		{85F73650-8487-46C4-86D1-FE745B59B364}.Release|x86.ActiveCfg = Release|x86
		{85F73650-8487-46C4-86D1-FE745B59B364}.Release|x86.Build.0 = Release|x86
	EndGlobalSection
	GlobalSection(SolutionProperties) = preSolution
		HideSolutionNode = FALSE
	EndGlobalSection
EndGlobal
