
Microsoft Visual Studio Solution File, Format Version 12.00
# Visual Studio Express 2013 for Web
VisualStudioVersion = 12.0.20617.1 PREVIEW
MinimumVisualStudioVersion = 10.0.40219.1
Project("{FAE04EC0-301F-11D3-BF4B-00C04F79EFBC}") = "Inventory", "Inventory\Inventory.csproj", "{DEDE9F54-9056-4FD2-8796-D8710FAFD431}"
EndProject
Project("{FAE04EC0-301F-11D3-BF4B-00C04F79EFBC}") = "Inventory.Tests", "C:\Users\Marcel Popescu\Documents\Visual Studio 2013\Projects\Inventory\Inventory.Tests\Inventory.Tests.csproj", "{5FDBBA13-4895-443F-8CDC-1066DF68C222}"
EndProject
Global
	GlobalSection(SolutionConfigurationPlatforms) = preSolution
		Debug|Any CPU = Debug|Any CPU
		Release|Any CPU = Release|Any CPU
	EndGlobalSection
	GlobalSection(ProjectConfigurationPlatforms) = postSolution
		{DEDE9F54-9056-4FD2-8796-D8710FAFD431}.Debug|Any CPU.ActiveCfg = Debug|Any CPU
		{DEDE9F54-9056-4FD2-8796-D8710FAFD431}.Debug|Any CPU.Build.0 = Debug|Any CPU
		{DEDE9F54-9056-4FD2-8796-D8710FAFD431}.Release|Any CPU.ActiveCfg = Release|Any CPU
		{DEDE9F54-9056-4FD2-8796-D8710FAFD431}.Release|Any CPU.Build.0 = Release|Any CPU
		{5FDBBA13-4895-443F-8CDC-1066DF68C222}.Debug|Any CPU.ActiveCfg = Debug|Any CPU
		{5FDBBA13-4895-443F-8CDC-1066DF68C222}.Debug|Any CPU.Build.0 = Debug|Any CPU
		{5FDBBA13-4895-443F-8CDC-1066DF68C222}.Release|Any CPU.ActiveCfg = Release|Any CPU
		{5FDBBA13-4895-443F-8CDC-1066DF68C222}.Release|Any CPU.Build.0 = Release|Any CPU
	EndGlobalSection
	GlobalSection(SolutionProperties) = preSolution
		HideSolutionNode = FALSE
	EndGlobalSection
EndGlobal
