
Microsoft Visual Studio Solution File, Format Version 12.00
# Visual Studio 15
VisualStudioVersion = 15.0.27428.2037
MinimumVisualStudioVersion = 10.0.40219.1
Project("{FAE04EC0-301F-11D3-BF4B-00C04F79EFBC}") = "Challenge4", "Challenge4\Challenge4.csproj", "{9F5A2615-45C4-4D3C-9BD4-F4980F69170C}"
EndProject
Project("{FAE04EC0-301F-11D3-BF4B-00C04F79EFBC}") = "Challenge4.Library", "Challenge4.Library\Challenge4.Library.csproj", "{A6349891-876E-4030-9675-FD1451A08728}"
EndProject
Project("{FAE04EC0-301F-11D3-BF4B-00C04F79EFBC}") = "Challenge4.Tests", "Challenge4.Tests\Challenge4.Tests.csproj", "{67D48B2B-F6AF-4210-8712-12BABD651689}"
EndProject
Global
	GlobalSection(SolutionConfigurationPlatforms) = preSolution
		Debug|Any CPU = Debug|Any CPU
		Release|Any CPU = Release|Any CPU
	EndGlobalSection
	GlobalSection(ProjectConfigurationPlatforms) = postSolution
		{9F5A2615-45C4-4D3C-9BD4-F4980F69170C}.Debug|Any CPU.ActiveCfg = Debug|Any CPU
		{9F5A2615-45C4-4D3C-9BD4-F4980F69170C}.Debug|Any CPU.Build.0 = Debug|Any CPU
		{9F5A2615-45C4-4D3C-9BD4-F4980F69170C}.Release|Any CPU.ActiveCfg = Release|Any CPU
		{9F5A2615-45C4-4D3C-9BD4-F4980F69170C}.Release|Any CPU.Build.0 = Release|Any CPU
		{A6349891-876E-4030-9675-FD1451A08728}.Debug|Any CPU.ActiveCfg = Debug|Any CPU
		{A6349891-876E-4030-9675-FD1451A08728}.Debug|Any CPU.Build.0 = Debug|Any CPU
		{A6349891-876E-4030-9675-FD1451A08728}.Release|Any CPU.ActiveCfg = Release|Any CPU
		{A6349891-876E-4030-9675-FD1451A08728}.Release|Any CPU.Build.0 = Release|Any CPU
		{67D48B2B-F6AF-4210-8712-12BABD651689}.Debug|Any CPU.ActiveCfg = Debug|Any CPU
		{67D48B2B-F6AF-4210-8712-12BABD651689}.Debug|Any CPU.Build.0 = Debug|Any CPU
		{67D48B2B-F6AF-4210-8712-12BABD651689}.Release|Any CPU.ActiveCfg = Release|Any CPU
		{67D48B2B-F6AF-4210-8712-12BABD651689}.Release|Any CPU.Build.0 = Release|Any CPU
	EndGlobalSection
	GlobalSection(SolutionProperties) = preSolution
		HideSolutionNode = FALSE
	EndGlobalSection
	GlobalSection(ExtensibilityGlobals) = postSolution
		SolutionGuid = {6B4FA473-A296-4D5D-8C87-8823A3DFB012}
	EndGlobalSection
EndGlobal
