
Microsoft Visual Studio Solution File, Format Version 12.00
# Visual Studio 14
VisualStudioVersion = 14.0.25420.1
MinimumVisualStudioVersion = 10.0.40219.1
Project("{FAE04EC0-301F-11D3-BF4B-00C04F79EFBC}") = "NetMqBenchmark.Producer", "NetMqBenchmark.Producer\NetMqBenchmark.Producer.csproj", "{2F91868B-EC83-4419-90C6-EB73F6550729}"
EndProject
Project("{FAE04EC0-301F-11D3-BF4B-00C04F79EFBC}") = "NetMqBenchmark.Consumer", "NetMqBenchmark.Consumer\NetMqBenchmark.Consumer.csproj", "{633881AD-2508-4751-9A5D-F7BD1EF2A759}"
EndProject
Global
	GlobalSection(SolutionConfigurationPlatforms) = preSolution
		Debug|Any CPU = Debug|Any CPU
		Release|Any CPU = Release|Any CPU
	EndGlobalSection
	GlobalSection(ProjectConfigurationPlatforms) = postSolution
		{2F91868B-EC83-4419-90C6-EB73F6550729}.Debug|Any CPU.ActiveCfg = Debug|Any CPU
		{2F91868B-EC83-4419-90C6-EB73F6550729}.Debug|Any CPU.Build.0 = Debug|Any CPU
		{2F91868B-EC83-4419-90C6-EB73F6550729}.Release|Any CPU.ActiveCfg = Release|Any CPU
		{2F91868B-EC83-4419-90C6-EB73F6550729}.Release|Any CPU.Build.0 = Release|Any CPU
		{633881AD-2508-4751-9A5D-F7BD1EF2A759}.Debug|Any CPU.ActiveCfg = Debug|Any CPU
		{633881AD-2508-4751-9A5D-F7BD1EF2A759}.Debug|Any CPU.Build.0 = Debug|Any CPU
		{633881AD-2508-4751-9A5D-F7BD1EF2A759}.Release|Any CPU.ActiveCfg = Release|Any CPU
		{633881AD-2508-4751-9A5D-F7BD1EF2A759}.Release|Any CPU.Build.0 = Release|Any CPU
	EndGlobalSection
	GlobalSection(SolutionProperties) = preSolution
		HideSolutionNode = FALSE
	EndGlobalSection
EndGlobal
