
Microsoft Visual Studio Solution File, Format Version 12.00
# Visual Studio 14
VisualStudioVersion = 14.0.25123.0
MinimumVisualStudioVersion = 10.0.40219.1
Project("{FAE04EC0-301F-11D3-BF4B-00C04F79EFBC}") = "SocialNetwork", "SocialNetwork\SocialNetwork.csproj", "{DC31DA51-4925-47A0-907D-E2133AF38D39}"
EndProject
Project("{FAE04EC0-301F-11D3-BF4B-00C04F79EFBC}") = "SocialNetwork.Library", "SocialNetwork.Library\SocialNetwork.Library.csproj", "{F9E4ADF3-5803-4074-B962-A98F8DA76DE9}"
EndProject
Project("{FAE04EC0-301F-11D3-BF4B-00C04F79EFBC}") = "SocialNetwork.Tests", "SocialNetwork.Tests\SocialNetwork.Tests.csproj", "{972F6123-F88F-4166-AE0B-CF57C6B4DDDA}"
EndProject
Project("{FAE04EC0-301F-11D3-BF4B-00C04F79EFBC}") = "SocialNetwork2.Library", "SocialNetwork2.Library\SocialNetwork2.Library.csproj", "{C3A5E856-4D97-4502-BC3A-3B5001ABE6EA}"
EndProject
Project("{FAE04EC0-301F-11D3-BF4B-00C04F79EFBC}") = "SocialNetwork2.Tests", "SocialNetwork2.Tests\SocialNetwork2.Tests.csproj", "{05EF1E20-3143-4B35-92DB-630B63485C05}"
EndProject
Project("{2150E333-8FDC-42A3-9474-1A3956D46DE8}") = "Solution Items", "Solution Items", "{FD629D06-9C30-45FE-BB42-6587AA6A1364}"
	ProjectSection(SolutionItems) = preProject
		notes.txt = notes.txt
	EndProjectSection
EndProject
Project("{FAE04EC0-301F-11D3-BF4B-00C04F79EFBC}") = "SocialNetwork2", "SocialNetwork2\SocialNetwork2.csproj", "{7C7617B8-F4F9-4E26-A9B3-8C3B297F2F7D}"
EndProject
Global
	GlobalSection(SolutionConfigurationPlatforms) = preSolution
		Debug|Any CPU = Debug|Any CPU
		Release|Any CPU = Release|Any CPU
	EndGlobalSection
	GlobalSection(ProjectConfigurationPlatforms) = postSolution
		{DC31DA51-4925-47A0-907D-E2133AF38D39}.Debug|Any CPU.ActiveCfg = Debug|Any CPU
		{DC31DA51-4925-47A0-907D-E2133AF38D39}.Debug|Any CPU.Build.0 = Debug|Any CPU
		{DC31DA51-4925-47A0-907D-E2133AF38D39}.Release|Any CPU.ActiveCfg = Release|Any CPU
		{DC31DA51-4925-47A0-907D-E2133AF38D39}.Release|Any CPU.Build.0 = Release|Any CPU
		{F9E4ADF3-5803-4074-B962-A98F8DA76DE9}.Debug|Any CPU.ActiveCfg = Debug|Any CPU
		{F9E4ADF3-5803-4074-B962-A98F8DA76DE9}.Debug|Any CPU.Build.0 = Debug|Any CPU
		{F9E4ADF3-5803-4074-B962-A98F8DA76DE9}.Release|Any CPU.ActiveCfg = Release|Any CPU
		{F9E4ADF3-5803-4074-B962-A98F8DA76DE9}.Release|Any CPU.Build.0 = Release|Any CPU
		{972F6123-F88F-4166-AE0B-CF57C6B4DDDA}.Debug|Any CPU.ActiveCfg = Debug|Any CPU
		{972F6123-F88F-4166-AE0B-CF57C6B4DDDA}.Debug|Any CPU.Build.0 = Debug|Any CPU
		{972F6123-F88F-4166-AE0B-CF57C6B4DDDA}.Release|Any CPU.ActiveCfg = Release|Any CPU
		{972F6123-F88F-4166-AE0B-CF57C6B4DDDA}.Release|Any CPU.Build.0 = Release|Any CPU
		{C3A5E856-4D97-4502-BC3A-3B5001ABE6EA}.Debug|Any CPU.ActiveCfg = Debug|Any CPU
		{C3A5E856-4D97-4502-BC3A-3B5001ABE6EA}.Debug|Any CPU.Build.0 = Debug|Any CPU
		{C3A5E856-4D97-4502-BC3A-3B5001ABE6EA}.Release|Any CPU.ActiveCfg = Release|Any CPU
		{C3A5E856-4D97-4502-BC3A-3B5001ABE6EA}.Release|Any CPU.Build.0 = Release|Any CPU
		{05EF1E20-3143-4B35-92DB-630B63485C05}.Debug|Any CPU.ActiveCfg = Debug|Any CPU
		{05EF1E20-3143-4B35-92DB-630B63485C05}.Debug|Any CPU.Build.0 = Debug|Any CPU
		{05EF1E20-3143-4B35-92DB-630B63485C05}.Release|Any CPU.ActiveCfg = Release|Any CPU
		{05EF1E20-3143-4B35-92DB-630B63485C05}.Release|Any CPU.Build.0 = Release|Any CPU
		{7C7617B8-F4F9-4E26-A9B3-8C3B297F2F7D}.Debug|Any CPU.ActiveCfg = Debug|Any CPU
		{7C7617B8-F4F9-4E26-A9B3-8C3B297F2F7D}.Debug|Any CPU.Build.0 = Debug|Any CPU
		{7C7617B8-F4F9-4E26-A9B3-8C3B297F2F7D}.Release|Any CPU.ActiveCfg = Release|Any CPU
		{7C7617B8-F4F9-4E26-A9B3-8C3B297F2F7D}.Release|Any CPU.Build.0 = Release|Any CPU
	EndGlobalSection
	GlobalSection(SolutionProperties) = preSolution
		HideSolutionNode = FALSE
	EndGlobalSection
EndGlobal
