
Microsoft Visual Studio Solution File, Format Version 12.00
# Visual Studio Version 16
VisualStudioVersion = 16.0.30225.117
MinimumVisualStudioVersion = 10.0.40219.1
Project("{FAE04EC0-301F-11D3-BF4B-00C04F79EFBC}") = "ScreenCap", "ScreenCap\ScreenCap.csproj", "{D9948169-E730-40F9-B430-1C781FFBF0E2}"
EndProject
Global
	GlobalSection(SolutionConfigurationPlatforms) = preSolution
		Debug|Any CPU = Debug|Any CPU
		Release|Any CPU = Release|Any CPU
	EndGlobalSection
	GlobalSection(ProjectConfigurationPlatforms) = postSolution
		{D9948169-E730-40F9-B430-1C781FFBF0E2}.Debug|Any CPU.ActiveCfg = Debug|Any CPU
		{D9948169-E730-40F9-B430-1C781FFBF0E2}.Debug|Any CPU.Build.0 = Debug|Any CPU
		{D9948169-E730-40F9-B430-1C781FFBF0E2}.Release|Any CPU.ActiveCfg = Release|Any CPU
		{D9948169-E730-40F9-B430-1C781FFBF0E2}.Release|Any CPU.Build.0 = Release|Any CPU
	EndGlobalSection
	GlobalSection(SolutionProperties) = preSolution
		HideSolutionNode = FALSE
	EndGlobalSection
	GlobalSection(ExtensibilityGlobals) = postSolution
		SolutionGuid = {9FC86AB8-842D-4F89-AE40-2E486EC76FEA}
	EndGlobalSection
EndGlobal
