
Microsoft Visual Studio Solution File, Format Version 12.00
# Visual Studio Version 16
VisualStudioVersion = 16.0.29613.14
MinimumVisualStudioVersion = 10.0.40219.1
Project("{FAE04EC0-301F-11D3-BF4B-00C04F79EFBC}") = "XlEditor", "XlEditor\XlEditor.csproj", "{54145FBE-E243-4041-8153-58E91A0C0323}"
EndProject
Global
	GlobalSection(SolutionConfigurationPlatforms) = preSolution
		Debug|Any CPU = Debug|Any CPU
		Release|Any CPU = Release|Any CPU
	EndGlobalSection
	GlobalSection(ProjectConfigurationPlatforms) = postSolution
		{54145FBE-E243-4041-8153-58E91A0C0323}.Debug|Any CPU.ActiveCfg = Debug|Any CPU
		{54145FBE-E243-4041-8153-58E91A0C0323}.Debug|Any CPU.Build.0 = Debug|Any CPU
		{54145FBE-E243-4041-8153-58E91A0C0323}.Release|Any CPU.ActiveCfg = Release|Any CPU
		{54145FBE-E243-4041-8153-58E91A0C0323}.Release|Any CPU.Build.0 = Release|Any CPU
	EndGlobalSection
	GlobalSection(SolutionProperties) = preSolution
		HideSolutionNode = FALSE
	EndGlobalSection
	GlobalSection(ExtensibilityGlobals) = postSolution
		SolutionGuid = {EE6AFC8B-3550-4DA2-A5C3-7F479576ED83}
	EndGlobalSection
EndGlobal
