
Microsoft Visual Studio Solution File, Format Version 12.00
# Visual Studio 2012
Project("{FAE04EC0-301F-11D3-BF4B-00C04F79EFBC}") = "CQRS.MVC", "CQRS.MVC\CQRS.MVC.csproj", "{8EBC4753-E72C-486C-B6B3-EAC55101A2EB}"
EndProject
Global
	GlobalSection(SolutionConfigurationPlatforms) = preSolution
		Debug|Any CPU = Debug|Any CPU
		Release|Any CPU = Release|Any CPU
	EndGlobalSection
	GlobalSection(ProjectConfigurationPlatforms) = postSolution
		{8EBC4753-E72C-486C-B6B3-EAC55101A2EB}.Debug|Any CPU.ActiveCfg = Debug|Any CPU
		{8EBC4753-E72C-486C-B6B3-EAC55101A2EB}.Debug|Any CPU.Build.0 = Debug|Any CPU
		{8EBC4753-E72C-486C-B6B3-EAC55101A2EB}.Release|Any CPU.ActiveCfg = Release|Any CPU
		{8EBC4753-E72C-486C-B6B3-EAC55101A2EB}.Release|Any CPU.Build.0 = Release|Any CPU
	EndGlobalSection
	GlobalSection(SolutionProperties) = preSolution
		HideSolutionNode = FALSE
	EndGlobalSection
EndGlobal
