
Microsoft Visual Studio Solution File, Format Version 12.00
# Visual Studio Version 17
VisualStudioVersion = 17.9.34728.123
MinimumVisualStudioVersion = 10.0.40219.1
Project("{FAE04EC0-301F-11D3-BF4B-00C04F79EFBC}") = "CommandLineRouter", "CommandLineRouter\CommandLineRouter.csproj", "{A7441F52-4500-4B97-B6ED-D9C4F780F8C1}"
EndProject
Global
	GlobalSection(SolutionConfigurationPlatforms) = preSolution
		Debug|Any CPU = Debug|Any CPU
		Release|Any CPU = Release|Any CPU
	EndGlobalSection
	GlobalSection(ProjectConfigurationPlatforms) = postSolution
		{A7441F52-4500-4B97-B6ED-D9C4F780F8C1}.Debug|Any CPU.ActiveCfg = Debug|Any CPU
		{A7441F52-4500-4B97-B6ED-D9C4F780F8C1}.Debug|Any CPU.Build.0 = Debug|Any CPU
		{A7441F52-4500-4B97-B6ED-D9C4F780F8C1}.Release|Any CPU.ActiveCfg = Release|Any CPU
		{A7441F52-4500-4B97-B6ED-D9C4F780F8C1}.Release|Any CPU.Build.0 = Release|Any CPU
	EndGlobalSection
	GlobalSection(SolutionProperties) = preSolution
		HideSolutionNode = FALSE
	EndGlobalSection
	GlobalSection(ExtensibilityGlobals) = postSolution
		SolutionGuid = {EBC7EB55-36F5-4ED6-8044-062B4EC7F594}
	EndGlobalSection
EndGlobal
