
Microsoft Visual Studio Solution File, Format Version 12.00
# Visual Studio Version 16
VisualStudioVersion = 16.0.30320.27
MinimumVisualStudioVersion = 10.0.40219.1
Project("{FAE04EC0-301F-11D3-BF4B-00C04F79EFBC}") = "SecurePasswordStorage", "SecurePasswordStorage\SecurePasswordStorage.csproj", "{79A27FF3-7239-4074-92DC-EB2E46BBAC1C}"
EndProject
Project("{FAE04EC0-301F-11D3-BF4B-00C04F79EFBC}") = "SecurePasswordStorage.Library", "SecurePasswordStorage.Library\SecurePasswordStorage.Library.csproj", "{9187F9DF-9086-423E-BCB5-5BDCE8AD456D}"
EndProject
Project("{FAE04EC0-301F-11D3-BF4B-00C04F79EFBC}") = "SecurePasswordStorage.Tests", "SecurePasswordStorage.Tests\SecurePasswordStorage.Tests.csproj", "{333FB875-707E-48AD-94CD-4C308D6EE7B0}"
EndProject
Project("{2150E333-8FDC-42A3-9474-1A3956D46DE8}") = "Solution Items", "Solution Items", "{6A29C45C-9CD7-49E3-83EF-F34A6F47BB68}"
	ProjectSection(SolutionItems) = preProject
		notes.txt = notes.txt
	EndProjectSection
EndProject
Global
	GlobalSection(SolutionConfigurationPlatforms) = preSolution
		Debug|Any CPU = Debug|Any CPU
		Release|Any CPU = Release|Any CPU
	EndGlobalSection
	GlobalSection(ProjectConfigurationPlatforms) = postSolution
		{79A27FF3-7239-4074-92DC-EB2E46BBAC1C}.Debug|Any CPU.ActiveCfg = Debug|Any CPU
		{79A27FF3-7239-4074-92DC-EB2E46BBAC1C}.Debug|Any CPU.Build.0 = Debug|Any CPU
		{79A27FF3-7239-4074-92DC-EB2E46BBAC1C}.Release|Any CPU.ActiveCfg = Release|Any CPU
		{79A27FF3-7239-4074-92DC-EB2E46BBAC1C}.Release|Any CPU.Build.0 = Release|Any CPU
		{9187F9DF-9086-423E-BCB5-5BDCE8AD456D}.Debug|Any CPU.ActiveCfg = Debug|Any CPU
		{9187F9DF-9086-423E-BCB5-5BDCE8AD456D}.Debug|Any CPU.Build.0 = Debug|Any CPU
		{9187F9DF-9086-423E-BCB5-5BDCE8AD456D}.Release|Any CPU.ActiveCfg = Release|Any CPU
		{9187F9DF-9086-423E-BCB5-5BDCE8AD456D}.Release|Any CPU.Build.0 = Release|Any CPU
		{333FB875-707E-48AD-94CD-4C308D6EE7B0}.Debug|Any CPU.ActiveCfg = Debug|Any CPU
		{333FB875-707E-48AD-94CD-4C308D6EE7B0}.Debug|Any CPU.Build.0 = Debug|Any CPU
		{333FB875-707E-48AD-94CD-4C308D6EE7B0}.Release|Any CPU.ActiveCfg = Release|Any CPU
		{333FB875-707E-48AD-94CD-4C308D6EE7B0}.Release|Any CPU.Build.0 = Release|Any CPU
	EndGlobalSection
	GlobalSection(SolutionProperties) = preSolution
		HideSolutionNode = FALSE
	EndGlobalSection
	GlobalSection(ExtensibilityGlobals) = postSolution
		SolutionGuid = {5346B9F2-F43F-47FC-A1CB-8F7A5A0AC393}
	EndGlobalSection
EndGlobal
