
Microsoft Visual Studio Solution File, Format Version 12.00
# Visual Studio Version 16
VisualStudioVersion = 16.0.30621.155
MinimumVisualStudioVersion = 10.0.40219.1
Project("{FAE04EC0-301F-11D3-BF4B-00C04F79EFBC}") = "Challenge2.Library", "Challenge2.Library\Challenge2.Library.csproj", "{CA9A7FFF-1E2E-4B4A-B8FD-DEF43C50A58E}"
EndProject
Project("{FAE04EC0-301F-11D3-BF4B-00C04F79EFBC}") = "Challenge2", "Challenge2\Challenge2.csproj", "{9A5EC2DE-70CA-45C2-8F22-8F88A78B2665}"
EndProject
Project("{FAE04EC0-301F-11D3-BF4B-00C04F79EFBC}") = "Challenge2.Tests", "Challenge2.Tests\Challenge2.Tests.csproj", "{71D7283B-845B-46EF-9748-902362E7DD84}"
EndProject
Project("{FAE04EC0-301F-11D3-BF4B-00C04F79EFBC}") = "Challenge2.Rx", "Challenge2.Rx\Challenge2.Rx.csproj", "{9F5E8C49-E8D8-446D-A71A-8F1394F9C306}"
EndProject
Project("{2150E333-8FDC-42A3-9474-1A3956D46DE8}") = "Solution Items", "Solution Items", "{7AC321CA-9BE7-4FA9-B567-5547E68B6563}"
	ProjectSection(SolutionItems) = preProject
		notes.txt = notes.txt
	EndProjectSection
EndProject
Project("{FAE04EC0-301F-11D3-BF4B-00C04F79EFBC}") = "Challenge2New.Library", "Challenge2New.Library\Challenge2New.Library.csproj", "{C48FD303-DF9A-4503-A8B3-69F7661183AD}"
EndProject
Project("{FAE04EC0-301F-11D3-BF4B-00C04F79EFBC}") = "Challenge2New.Tests", "Challenge2New.Tests\Challenge2New.Tests.csproj", "{0D70320A-77A5-42CA-9C52-7C313DD54EEC}"
EndProject
Project("{FAE04EC0-301F-11D3-BF4B-00C04F79EFBC}") = "Challenge2New", "Challenge2New\Challenge2New.csproj", "{0A25C2E9-C955-40B3-A53B-F88C3F7B35A0}"
EndProject
Global
	GlobalSection(SolutionConfigurationPlatforms) = preSolution
		Debug|Any CPU = Debug|Any CPU
		Release|Any CPU = Release|Any CPU
	EndGlobalSection
	GlobalSection(ProjectConfigurationPlatforms) = postSolution
		{CA9A7FFF-1E2E-4B4A-B8FD-DEF43C50A58E}.Debug|Any CPU.ActiveCfg = Debug|Any CPU
		{CA9A7FFF-1E2E-4B4A-B8FD-DEF43C50A58E}.Debug|Any CPU.Build.0 = Debug|Any CPU
		{CA9A7FFF-1E2E-4B4A-B8FD-DEF43C50A58E}.Release|Any CPU.ActiveCfg = Release|Any CPU
		{CA9A7FFF-1E2E-4B4A-B8FD-DEF43C50A58E}.Release|Any CPU.Build.0 = Release|Any CPU
		{9A5EC2DE-70CA-45C2-8F22-8F88A78B2665}.Debug|Any CPU.ActiveCfg = Debug|Any CPU
		{9A5EC2DE-70CA-45C2-8F22-8F88A78B2665}.Debug|Any CPU.Build.0 = Debug|Any CPU
		{9A5EC2DE-70CA-45C2-8F22-8F88A78B2665}.Release|Any CPU.ActiveCfg = Release|Any CPU
		{9A5EC2DE-70CA-45C2-8F22-8F88A78B2665}.Release|Any CPU.Build.0 = Release|Any CPU
		{71D7283B-845B-46EF-9748-902362E7DD84}.Debug|Any CPU.ActiveCfg = Debug|Any CPU
		{71D7283B-845B-46EF-9748-902362E7DD84}.Debug|Any CPU.Build.0 = Debug|Any CPU
		{71D7283B-845B-46EF-9748-902362E7DD84}.Release|Any CPU.ActiveCfg = Release|Any CPU
		{71D7283B-845B-46EF-9748-902362E7DD84}.Release|Any CPU.Build.0 = Release|Any CPU
		{9F5E8C49-E8D8-446D-A71A-8F1394F9C306}.Debug|Any CPU.ActiveCfg = Debug|Any CPU
		{9F5E8C49-E8D8-446D-A71A-8F1394F9C306}.Debug|Any CPU.Build.0 = Debug|Any CPU
		{9F5E8C49-E8D8-446D-A71A-8F1394F9C306}.Release|Any CPU.ActiveCfg = Release|Any CPU
		{9F5E8C49-E8D8-446D-A71A-8F1394F9C306}.Release|Any CPU.Build.0 = Release|Any CPU
		{C48FD303-DF9A-4503-A8B3-69F7661183AD}.Debug|Any CPU.ActiveCfg = Debug|Any CPU
		{C48FD303-DF9A-4503-A8B3-69F7661183AD}.Debug|Any CPU.Build.0 = Debug|Any CPU
		{C48FD303-DF9A-4503-A8B3-69F7661183AD}.Release|Any CPU.ActiveCfg = Release|Any CPU
		{C48FD303-DF9A-4503-A8B3-69F7661183AD}.Release|Any CPU.Build.0 = Release|Any CPU
		{0D70320A-77A5-42CA-9C52-7C313DD54EEC}.Debug|Any CPU.ActiveCfg = Debug|Any CPU
		{0D70320A-77A5-42CA-9C52-7C313DD54EEC}.Debug|Any CPU.Build.0 = Debug|Any CPU
		{0D70320A-77A5-42CA-9C52-7C313DD54EEC}.Release|Any CPU.ActiveCfg = Release|Any CPU
		{0D70320A-77A5-42CA-9C52-7C313DD54EEC}.Release|Any CPU.Build.0 = Release|Any CPU
		{0A25C2E9-C955-40B3-A53B-F88C3F7B35A0}.Debug|Any CPU.ActiveCfg = Debug|Any CPU
		{0A25C2E9-C955-40B3-A53B-F88C3F7B35A0}.Debug|Any CPU.Build.0 = Debug|Any CPU
		{0A25C2E9-C955-40B3-A53B-F88C3F7B35A0}.Release|Any CPU.ActiveCfg = Release|Any CPU
		{0A25C2E9-C955-40B3-A53B-F88C3F7B35A0}.Release|Any CPU.Build.0 = Release|Any CPU
	EndGlobalSection
	GlobalSection(SolutionProperties) = preSolution
		HideSolutionNode = FALSE
	EndGlobalSection
	GlobalSection(ExtensibilityGlobals) = postSolution
		SolutionGuid = {D6ACABE0-97F5-41F0-8B6D-AA2BD67DE26D}
	EndGlobalSection
EndGlobal
