
Microsoft Visual Studio Solution File, Format Version 12.00
# Visual Studio Version 16
VisualStudioVersion = 16.0.30621.155
MinimumVisualStudioVersion = 10.0.40219.1
Project("{FAE04EC0-301F-11D3-BF4B-00C04F79EFBC}") = "Challenge2.Library", "Challenge2.Library\Challenge2.Library.csproj", "{CA9A7FFF-1E2E-4B4A-B8FD-DEF43C50A58E}"
EndProject
Project("{FAE04EC0-301F-11D3-BF4B-00C04F79EFBC}") = "Challenge2", "Challenge2\Challenge2.csproj", "{9A5EC2DE-70CA-45C2-8F22-8F88A78B2665}"
EndProject
Project("{FAE04EC0-301F-11D3-BF4B-00C04F79EFBC}") = "Challenge2.Tests", "Challenge2.Tests\Challenge2.Tests.csproj", "{71D7283B-845B-46EF-9748-902362E7DD84}"
EndProject
Project("{FAE04EC0-301F-11D3-BF4B-00C04F79EFBC}") = "Challenge2.Rx", "Challenge2.Rx\Challenge2.Rx.csproj", "{9F5E8C49-E8D8-446D-A71A-8F1394F9C306}"
EndProject
Global
	GlobalSection(SolutionConfigurationPlatforms) = preSolution
		Debug|Any CPU = Debug|Any CPU
		Release|Any CPU = Release|Any CPU
	EndGlobalSection
	GlobalSection(ProjectConfigurationPlatforms) = postSolution
		{CA9A7FFF-1E2E-4B4A-B8FD-DEF43C50A58E}.Debug|Any CPU.ActiveCfg = Debug|Any CPU
		{CA9A7FFF-1E2E-4B4A-B8FD-DEF43C50A58E}.Debug|Any CPU.Build.0 = Debug|Any CPU
		{CA9A7FFF-1E2E-4B4A-B8FD-DEF43C50A58E}.Release|Any CPU.ActiveCfg = Release|Any CPU
		{CA9A7FFF-1E2E-4B4A-B8FD-DEF43C50A58E}.Release|Any CPU.Build.0 = Release|Any CPU
		{9A5EC2DE-70CA-45C2-8F22-8F88A78B2665}.Debug|Any CPU.ActiveCfg = Debug|Any CPU
		{9A5EC2DE-70CA-45C2-8F22-8F88A78B2665}.Debug|Any CPU.Build.0 = Debug|Any CPU
		{9A5EC2DE-70CA-45C2-8F22-8F88A78B2665}.Release|Any CPU.ActiveCfg = Release|Any CPU
		{9A5EC2DE-70CA-45C2-8F22-8F88A78B2665}.Release|Any CPU.Build.0 = Release|Any CPU
		{71D7283B-845B-46EF-9748-902362E7DD84}.Debug|Any CPU.ActiveCfg = Debug|Any CPU
		{71D7283B-845B-46EF-9748-902362E7DD84}.Debug|Any CPU.Build.0 = Debug|Any CPU
		{71D7283B-845B-46EF-9748-902362E7DD84}.Release|Any CPU.ActiveCfg = Release|Any CPU
		{71D7283B-845B-46EF-9748-902362E7DD84}.Release|Any CPU.Build.0 = Release|Any CPU
		{9F5E8C49-E8D8-446D-A71A-8F1394F9C306}.Debug|Any CPU.ActiveCfg = Debug|Any CPU
		{9F5E8C49-E8D8-446D-A71A-8F1394F9C306}.Debug|Any CPU.Build.0 = Debug|Any CPU
		{9F5E8C49-E8D8-446D-A71A-8F1394F9C306}.Release|Any CPU.ActiveCfg = Release|Any CPU
		{9F5E8C49-E8D8-446D-A71A-8F1394F9C306}.Release|Any CPU.Build.0 = Release|Any CPU
	EndGlobalSection
	GlobalSection(SolutionProperties) = preSolution
		HideSolutionNode = FALSE
	EndGlobalSection
	GlobalSection(ExtensibilityGlobals) = postSolution
		SolutionGuid = {D6ACABE0-97F5-41F0-8B6D-AA2BD67DE26D}
	EndGlobalSection
EndGlobal
