
Microsoft Visual Studio Solution File, Format Version 12.00
# Visual Studio 15
VisualStudioVersion = 15.0.27004.2009
MinimumVisualStudioVersion = 10.0.40219.1
Project("{FAE04EC0-301F-11D3-BF4B-00C04F79EFBC}") = "Inventory2", "Inventory2\Inventory2.csproj", "{9217F082-FEA6-4E6D-B9E2-F56D9BDB00EC}"
EndProject
Project("{FAE04EC0-301F-11D3-BF4B-00C04F79EFBC}") = "Inventory2.Library", "Inventory2.Library\Inventory2.Library.csproj", "{EE17611B-4FAD-411A-BD3E-87EA08BBCDB9}"
EndProject
Project("{FAE04EC0-301F-11D3-BF4B-00C04F79EFBC}") = "Inventory2.Tests", "Inventory2.Tests\Inventory2.Tests.csproj", "{17D20CEC-5A2D-40FA-88AC-80730FC2A7FE}"
EndProject
Project("{FAE04EC0-301F-11D3-BF4B-00C04F79EFBC}") = "Inventory2.Tester", "Inventory2.Tester\Inventory2.Tester.csproj", "{F3EB9E09-DC13-4D2E-B7B2-2BBCFC329D32}"
EndProject
Project("{FAE04EC0-301F-11D3-BF4B-00C04F79EFBC}") = "Inventory2.InMemoryState.Library", "Inventory2.InMemoryState.Library\Inventory2.InMemoryState.Library.csproj", "{DAEC7640-651F-4318-8781-09E363DFDCF0}"
EndProject
Project("{FAE04EC0-301F-11D3-BF4B-00C04F79EFBC}") = "Inventory2.Domain.Library", "Inventory2.Domain.Library\Inventory2.Domain.Library.csproj", "{0F3B774B-4880-429C-91FE-3A7AC9571263}"
EndProject
Global
	GlobalSection(SolutionConfigurationPlatforms) = preSolution
		Debug|Any CPU = Debug|Any CPU
		Release|Any CPU = Release|Any CPU
	EndGlobalSection
	GlobalSection(ProjectConfigurationPlatforms) = postSolution
		{9217F082-FEA6-4E6D-B9E2-F56D9BDB00EC}.Debug|Any CPU.ActiveCfg = Debug|Any CPU
		{9217F082-FEA6-4E6D-B9E2-F56D9BDB00EC}.Debug|Any CPU.Build.0 = Debug|Any CPU
		{9217F082-FEA6-4E6D-B9E2-F56D9BDB00EC}.Release|Any CPU.ActiveCfg = Release|Any CPU
		{9217F082-FEA6-4E6D-B9E2-F56D9BDB00EC}.Release|Any CPU.Build.0 = Release|Any CPU
		{EE17611B-4FAD-411A-BD3E-87EA08BBCDB9}.Debug|Any CPU.ActiveCfg = Debug|Any CPU
		{EE17611B-4FAD-411A-BD3E-87EA08BBCDB9}.Debug|Any CPU.Build.0 = Debug|Any CPU
		{EE17611B-4FAD-411A-BD3E-87EA08BBCDB9}.Release|Any CPU.ActiveCfg = Release|Any CPU
		{EE17611B-4FAD-411A-BD3E-87EA08BBCDB9}.Release|Any CPU.Build.0 = Release|Any CPU
		{17D20CEC-5A2D-40FA-88AC-80730FC2A7FE}.Debug|Any CPU.ActiveCfg = Debug|Any CPU
		{17D20CEC-5A2D-40FA-88AC-80730FC2A7FE}.Debug|Any CPU.Build.0 = Debug|Any CPU
		{17D20CEC-5A2D-40FA-88AC-80730FC2A7FE}.Release|Any CPU.ActiveCfg = Release|Any CPU
		{17D20CEC-5A2D-40FA-88AC-80730FC2A7FE}.Release|Any CPU.Build.0 = Release|Any CPU
		{F3EB9E09-DC13-4D2E-B7B2-2BBCFC329D32}.Debug|Any CPU.ActiveCfg = Debug|Any CPU
		{F3EB9E09-DC13-4D2E-B7B2-2BBCFC329D32}.Debug|Any CPU.Build.0 = Debug|Any CPU
		{F3EB9E09-DC13-4D2E-B7B2-2BBCFC329D32}.Release|Any CPU.ActiveCfg = Release|Any CPU
		{F3EB9E09-DC13-4D2E-B7B2-2BBCFC329D32}.Release|Any CPU.Build.0 = Release|Any CPU
		{DAEC7640-651F-4318-8781-09E363DFDCF0}.Debug|Any CPU.ActiveCfg = Debug|Any CPU
		{DAEC7640-651F-4318-8781-09E363DFDCF0}.Debug|Any CPU.Build.0 = Debug|Any CPU
		{DAEC7640-651F-4318-8781-09E363DFDCF0}.Release|Any CPU.ActiveCfg = Release|Any CPU
		{DAEC7640-651F-4318-8781-09E363DFDCF0}.Release|Any CPU.Build.0 = Release|Any CPU
		{0F3B774B-4880-429C-91FE-3A7AC9571263}.Debug|Any CPU.ActiveCfg = Debug|Any CPU
		{0F3B774B-4880-429C-91FE-3A7AC9571263}.Debug|Any CPU.Build.0 = Debug|Any CPU
		{0F3B774B-4880-429C-91FE-3A7AC9571263}.Release|Any CPU.ActiveCfg = Release|Any CPU
		{0F3B774B-4880-429C-91FE-3A7AC9571263}.Release|Any CPU.Build.0 = Release|Any CPU
	EndGlobalSection
	GlobalSection(SolutionProperties) = preSolution
		HideSolutionNode = FALSE
	EndGlobalSection
	GlobalSection(ExtensibilityGlobals) = postSolution
		SolutionGuid = {38719F3D-781E-40F6-B118-0B0C9DA4A924}
	EndGlobalSection
EndGlobal
