
Microsoft Visual Studio Solution File, Format Version 12.00
# Visual Studio 15
VisualStudioVersion = 15.0.27004.2009
MinimumVisualStudioVersion = 10.0.40219.1
Project("{FAE04EC0-301F-11D3-BF4B-00C04F79EFBC}") = "Inventory2", "Inventory2\Inventory2.csproj", "{9217F082-FEA6-4E6D-B9E2-F56D9BDB00EC}"
EndProject
Global
	GlobalSection(SolutionConfigurationPlatforms) = preSolution
		Debug|Any CPU = Debug|Any CPU
		Release|Any CPU = Release|Any CPU
	EndGlobalSection
	GlobalSection(ProjectConfigurationPlatforms) = postSolution
		{9217F082-FEA6-4E6D-B9E2-F56D9BDB00EC}.Debug|Any CPU.ActiveCfg = Debug|Any CPU
		{9217F082-FEA6-4E6D-B9E2-F56D9BDB00EC}.Debug|Any CPU.Build.0 = Debug|Any CPU
		{9217F082-FEA6-4E6D-B9E2-F56D9BDB00EC}.Release|Any CPU.ActiveCfg = Release|Any CPU
		{9217F082-FEA6-4E6D-B9E2-F56D9BDB00EC}.Release|Any CPU.Build.0 = Release|Any CPU
	EndGlobalSection
	GlobalSection(SolutionProperties) = preSolution
		HideSolutionNode = FALSE
	EndGlobalSection
	GlobalSection(ExtensibilityGlobals) = postSolution
		SolutionGuid = {38719F3D-781E-40F6-B118-0B0C9DA4A924}
	EndGlobalSection
EndGlobal
