
Microsoft Visual Studio Solution File, Format Version 12.00
# Visual Studio 15
VisualStudioVersion = 15.0.27130.2036
MinimumVisualStudioVersion = 10.0.40219.1
Project("{FAE04EC0-301F-11D3-BF4B-00C04F79EFBC}") = "TicTacToeAI", "TicTacToeAI\TicTacToeAI.csproj", "{826BCE83-BA59-4D27-8CB3-3953CB224CCE}"
EndProject
Global
	GlobalSection(SolutionConfigurationPlatforms) = preSolution
		Debug|Any CPU = Debug|Any CPU
		Release|Any CPU = Release|Any CPU
	EndGlobalSection
	GlobalSection(ProjectConfigurationPlatforms) = postSolution
		{826BCE83-BA59-4D27-8CB3-3953CB224CCE}.Debug|Any CPU.ActiveCfg = Debug|Any CPU
		{826BCE83-BA59-4D27-8CB3-3953CB224CCE}.Debug|Any CPU.Build.0 = Debug|Any CPU
		{826BCE83-BA59-4D27-8CB3-3953CB224CCE}.Release|Any CPU.ActiveCfg = Release|Any CPU
		{826BCE83-BA59-4D27-8CB3-3953CB224CCE}.Release|Any CPU.Build.0 = Release|Any CPU
	EndGlobalSection
	GlobalSection(SolutionProperties) = preSolution
		HideSolutionNode = FALSE
	EndGlobalSection
	GlobalSection(ExtensibilityGlobals) = postSolution
		SolutionGuid = {836A9AB1-EF10-4967-AD1D-2E477D29C7B8}
	EndGlobalSection
EndGlobal
