
Microsoft Visual Studio Solution File, Format Version 12.00
# Visual Studio 14
VisualStudioVersion = 14.0.25420.1
MinimumVisualStudioVersion = 10.0.40219.1
Project("{FAE04EC0-301F-11D3-BF4B-00C04F79EFBC}") = "EverythingIsADatabase.Logic", "EverythingIsADatabase.Logic\EverythingIsADatabase.Logic.csproj", "{AAAE532B-AC5C-4B0A-B6B4-7A1817D26BD0}"
EndProject
Project("{FAE04EC0-301F-11D3-BF4B-00C04F79EFBC}") = "EverythingIsADatabase.Tests", "EverythingIsADatabase.Tests\EverythingIsADatabase.Tests.csproj", "{74F85E16-A25F-497B-B01C-796587238F08}"
EndProject
Global
	GlobalSection(SolutionConfigurationPlatforms) = preSolution
		Debug|Any CPU = Debug|Any CPU
		Release|Any CPU = Release|Any CPU
	EndGlobalSection
	GlobalSection(ProjectConfigurationPlatforms) = postSolution
		{AAAE532B-AC5C-4B0A-B6B4-7A1817D26BD0}.Debug|Any CPU.ActiveCfg = Debug|Any CPU
		{AAAE532B-AC5C-4B0A-B6B4-7A1817D26BD0}.Debug|Any CPU.Build.0 = Debug|Any CPU
		{AAAE532B-AC5C-4B0A-B6B4-7A1817D26BD0}.Release|Any CPU.ActiveCfg = Release|Any CPU
		{AAAE532B-AC5C-4B0A-B6B4-7A1817D26BD0}.Release|Any CPU.Build.0 = Release|Any CPU
		{74F85E16-A25F-497B-B01C-796587238F08}.Debug|Any CPU.ActiveCfg = Debug|Any CPU
		{74F85E16-A25F-497B-B01C-796587238F08}.Debug|Any CPU.Build.0 = Debug|Any CPU
		{74F85E16-A25F-497B-B01C-796587238F08}.Release|Any CPU.ActiveCfg = Release|Any CPU
		{74F85E16-A25F-497B-B01C-796587238F08}.Release|Any CPU.Build.0 = Release|Any CPU
	EndGlobalSection
	GlobalSection(SolutionProperties) = preSolution
		HideSolutionNode = FALSE
	EndGlobalSection
EndGlobal
