
Microsoft Visual Studio Solution File, Format Version 12.00
# Visual Studio Version 16
VisualStudioVersion = 16.0.31702.278
MinimumVisualStudioVersion = 10.0.40219.1
Project("{FAE04EC0-301F-11D3-BF4B-00C04F79EFBC}") = "Messaging.Library", "Messaging.Library\Messaging.Library.csproj", "{E8D85738-C37E-409C-B3D5-37B927F11AFA}"
EndProject
Project("{2150E333-8FDC-42A3-9474-1A3956D46DE8}") = "Solution Items", "Solution Items", "{8A161DA4-1846-4D58-A202-A3049A374A1D}"
	ProjectSection(SolutionItems) = preProject
		notes.txt = notes.txt
	EndProjectSection
EndProject
Global
	GlobalSection(SolutionConfigurationPlatforms) = preSolution
		Debug|Any CPU = Debug|Any CPU
		Release|Any CPU = Release|Any CPU
	EndGlobalSection
	GlobalSection(ProjectConfigurationPlatforms) = postSolution
		{E8D85738-C37E-409C-B3D5-37B927F11AFA}.Debug|Any CPU.ActiveCfg = Debug|Any CPU
		{E8D85738-C37E-409C-B3D5-37B927F11AFA}.Debug|Any CPU.Build.0 = Debug|Any CPU
		{E8D85738-C37E-409C-B3D5-37B927F11AFA}.Release|Any CPU.ActiveCfg = Release|Any CPU
		{E8D85738-C37E-409C-B3D5-37B927F11AFA}.Release|Any CPU.Build.0 = Release|Any CPU
	EndGlobalSection
	GlobalSection(SolutionProperties) = preSolution
		HideSolutionNode = FALSE
	EndGlobalSection
	GlobalSection(ExtensibilityGlobals) = postSolution
		SolutionGuid = {BB09FEC6-6EDA-4DF2-AF1B-D17BB496E358}
	EndGlobalSection
EndGlobal
