
Microsoft Visual Studio Solution File, Format Version 11.00
# Visual Studio 2010
Project("{FAE04EC0-301F-11D3-BF4B-00C04F79EFBC}") = "HotFolderWindowsService", "HotFolderWindowsService\HotFolderWindowsService.csproj", "{BA6DF384-B0BF-4468-A26E-04B5574EF47D}"
EndProject
Global
	GlobalSection(SolutionConfigurationPlatforms) = preSolution
		Debug|x86 = Debug|x86
		Release|x86 = Release|x86
	EndGlobalSection
	GlobalSection(ProjectConfigurationPlatforms) = postSolution
		{BA6DF384-B0BF-4468-A26E-04B5574EF47D}.Debug|x86.ActiveCfg = Debug|x86
		{BA6DF384-B0BF-4468-A26E-04B5574EF47D}.Debug|x86.Build.0 = Debug|x86
		{BA6DF384-B0BF-4468-A26E-04B5574EF47D}.Release|x86.ActiveCfg = Release|x86
		{BA6DF384-B0BF-4468-A26E-04B5574EF47D}.Release|x86.Build.0 = Release|x86
	EndGlobalSection
	GlobalSection(SolutionProperties) = preSolution
		HideSolutionNode = FALSE
	EndGlobalSection
EndGlobal
