
Microsoft Visual Studio Solution File, Format Version 12.00
# Visual Studio 15
VisualStudioVersion = 15.0.28010.2003
MinimumVisualStudioVersion = 10.0.40219.1
Project("{FAE04EC0-301F-11D3-BF4B-00C04F79EFBC}") = "ExtractLinks", "ExtractLinks\ExtractLinks.csproj", "{F932B9D8-6B1A-4E72-9C41-CC1A6B35AC0E}"
EndProject
Global
	GlobalSection(SolutionConfigurationPlatforms) = preSolution
		Debug|Any CPU = Debug|Any CPU
		Release|Any CPU = Release|Any CPU
	EndGlobalSection
	GlobalSection(ProjectConfigurationPlatforms) = postSolution
		{F932B9D8-6B1A-4E72-9C41-CC1A6B35AC0E}.Debug|Any CPU.ActiveCfg = Debug|Any CPU
		{F932B9D8-6B1A-4E72-9C41-CC1A6B35AC0E}.Debug|Any CPU.Build.0 = Debug|Any CPU
		{F932B9D8-6B1A-4E72-9C41-CC1A6B35AC0E}.Release|Any CPU.ActiveCfg = Release|Any CPU
		{F932B9D8-6B1A-4E72-9C41-CC1A6B35AC0E}.Release|Any CPU.Build.0 = Release|Any CPU
	EndGlobalSection
	GlobalSection(SolutionProperties) = preSolution
		HideSolutionNode = FALSE
	EndGlobalSection
	GlobalSection(ExtensibilityGlobals) = postSolution
		SolutionGuid = {27593799-BBA0-41EC-BE2D-14CF434CD3C9}
	EndGlobalSection
EndGlobal
