
Microsoft Visual Studio Solution File, Format Version 12.00
# Visual Studio 2013
VisualStudioVersion = 12.0.31010.0
MinimumVisualStudioVersion = 10.0.40219.1
Project("{FAE04EC0-301F-11D3-BF4B-00C04F79EFBC}") = "WebStore.Library", "WebStore.Library\WebStore.Library.csproj", "{50A293C9-6837-44CA-8AB9-AA7CAF85D080}"
EndProject
Project("{FAE04EC0-301F-11D3-BF4B-00C04F79EFBC}") = "EventStore.Library", "EventStore.Library\EventStore.Library.csproj", "{DB0BD3F1-8E55-45C8-AB0B-E46751F272A3}"
EndProject
Project("{FAE04EC0-301F-11D3-BF4B-00C04F79EFBC}") = "WebStore.Tests", "WebStore.Tests\WebStore.Tests.csproj", "{1439AC3B-CCE4-434E-8174-1FE5D8E36237}"
EndProject
Project("{2150E333-8FDC-42A3-9474-1A3956D46DE8}") = "Solution Items", "Solution Items", "{093B60E8-ABAA-4251-A158-7A90C3204FA6}"
	ProjectSection(SolutionItems) = preProject
		main.testsettings = main.testsettings
		notes.txt = notes.txt
	EndProjectSection
EndProject
Project("{FAE04EC0-301F-11D3-BF4B-00C04F79EFBC}") = "EventStore.Data.EF", "EventStore.Data.EF\EventStore.Data.EF.csproj", "{1195DB34-C268-4EAB-9CA8-5A22D178917A}"
EndProject
Global
	GlobalSection(SolutionConfigurationPlatforms) = preSolution
		Debug|Any CPU = Debug|Any CPU
		Release|Any CPU = Release|Any CPU
	EndGlobalSection
	GlobalSection(ProjectConfigurationPlatforms) = postSolution
		{50A293C9-6837-44CA-8AB9-AA7CAF85D080}.Debug|Any CPU.ActiveCfg = Debug|Any CPU
		{50A293C9-6837-44CA-8AB9-AA7CAF85D080}.Debug|Any CPU.Build.0 = Debug|Any CPU
		{50A293C9-6837-44CA-8AB9-AA7CAF85D080}.Release|Any CPU.ActiveCfg = Release|Any CPU
		{50A293C9-6837-44CA-8AB9-AA7CAF85D080}.Release|Any CPU.Build.0 = Release|Any CPU
		{DB0BD3F1-8E55-45C8-AB0B-E46751F272A3}.Debug|Any CPU.ActiveCfg = Debug|Any CPU
		{DB0BD3F1-8E55-45C8-AB0B-E46751F272A3}.Debug|Any CPU.Build.0 = Debug|Any CPU
		{DB0BD3F1-8E55-45C8-AB0B-E46751F272A3}.Release|Any CPU.ActiveCfg = Release|Any CPU
		{DB0BD3F1-8E55-45C8-AB0B-E46751F272A3}.Release|Any CPU.Build.0 = Release|Any CPU
		{1439AC3B-CCE4-434E-8174-1FE5D8E36237}.Debug|Any CPU.ActiveCfg = Debug|Any CPU
		{1439AC3B-CCE4-434E-8174-1FE5D8E36237}.Debug|Any CPU.Build.0 = Debug|Any CPU
		{1439AC3B-CCE4-434E-8174-1FE5D8E36237}.Release|Any CPU.ActiveCfg = Release|Any CPU
		{1439AC3B-CCE4-434E-8174-1FE5D8E36237}.Release|Any CPU.Build.0 = Release|Any CPU
		{1195DB34-C268-4EAB-9CA8-5A22D178917A}.Debug|Any CPU.ActiveCfg = Debug|Any CPU
		{1195DB34-C268-4EAB-9CA8-5A22D178917A}.Debug|Any CPU.Build.0 = Debug|Any CPU
		{1195DB34-C268-4EAB-9CA8-5A22D178917A}.Release|Any CPU.ActiveCfg = Release|Any CPU
		{1195DB34-C268-4EAB-9CA8-5A22D178917A}.Release|Any CPU.Build.0 = Release|Any CPU
	EndGlobalSection
	GlobalSection(SolutionProperties) = preSolution
		HideSolutionNode = FALSE
	EndGlobalSection
EndGlobal
