
Microsoft Visual Studio Solution File, Format Version 11.00
# Visual Studio 2010
Project("{FAE04EC0-301F-11D3-BF4B-00C04F79EFBC}") = "Disassembler", "Disassembler\Disassembler.csproj", "{668601F5-CF97-4746-98CF-F13DD5FDDFD3}"
EndProject
Project("{FAE04EC0-301F-11D3-BF4B-00C04F79EFBC}") = "Disassembler.Library", "Disassembler.Library\Disassembler.Library.csproj", "{048D5587-B629-42A4-9315-D929B0A73EBD}"
EndProject
Project("{FAE04EC0-301F-11D3-BF4B-00C04F79EFBC}") = "Disassembler.Tests", "Disassembler.Tests\Disassembler.Tests.csproj", "{D90BDE29-1E73-464A-AC0C-3F95B88E27EA}"
EndProject
Project("{2150E333-8FDC-42A3-9474-1A3956D46DE8}") = "Solution Items", "Solution Items", "{6107D18B-626A-41CC-9F49-2E0C52AF2194}"
	ProjectSection(SolutionItems) = preProject
		Disassembler.vsmdi = Disassembler.vsmdi
		Local.testsettings = Local.testsettings
		TraceAndTestImpact.testsettings = TraceAndTestImpact.testsettings
	EndProjectSection
EndProject
Global
	GlobalSection(TestCaseManagementSettings) = postSolution
		CategoryFile = Disassembler.vsmdi
	EndGlobalSection
	GlobalSection(SolutionConfigurationPlatforms) = preSolution
		Debug|Any CPU = Debug|Any CPU
		Debug|Mixed Platforms = Debug|Mixed Platforms
		Debug|x86 = Debug|x86
		Release|Any CPU = Release|Any CPU
		Release|Mixed Platforms = Release|Mixed Platforms
		Release|x86 = Release|x86
	EndGlobalSection
	GlobalSection(ProjectConfigurationPlatforms) = postSolution
		{668601F5-CF97-4746-98CF-F13DD5FDDFD3}.Debug|Any CPU.ActiveCfg = Debug|x86
		{668601F5-CF97-4746-98CF-F13DD5FDDFD3}.Debug|Mixed Platforms.ActiveCfg = Debug|x86
		{668601F5-CF97-4746-98CF-F13DD5FDDFD3}.Debug|Mixed Platforms.Build.0 = Debug|x86
		{668601F5-CF97-4746-98CF-F13DD5FDDFD3}.Debug|x86.ActiveCfg = Debug|x86
		{668601F5-CF97-4746-98CF-F13DD5FDDFD3}.Debug|x86.Build.0 = Debug|x86
		{668601F5-CF97-4746-98CF-F13DD5FDDFD3}.Release|Any CPU.ActiveCfg = Release|x86
		{668601F5-CF97-4746-98CF-F13DD5FDDFD3}.Release|Mixed Platforms.ActiveCfg = Release|x86
		{668601F5-CF97-4746-98CF-F13DD5FDDFD3}.Release|Mixed Platforms.Build.0 = Release|x86
		{668601F5-CF97-4746-98CF-F13DD5FDDFD3}.Release|x86.ActiveCfg = Release|x86
		{668601F5-CF97-4746-98CF-F13DD5FDDFD3}.Release|x86.Build.0 = Release|x86
		{048D5587-B629-42A4-9315-D929B0A73EBD}.Debug|Any CPU.ActiveCfg = Debug|Any CPU
		{048D5587-B629-42A4-9315-D929B0A73EBD}.Debug|Any CPU.Build.0 = Debug|Any CPU
		{048D5587-B629-42A4-9315-D929B0A73EBD}.Debug|Mixed Platforms.ActiveCfg = Debug|Any CPU
		{048D5587-B629-42A4-9315-D929B0A73EBD}.Debug|Mixed Platforms.Build.0 = Debug|Any CPU
		{048D5587-B629-42A4-9315-D929B0A73EBD}.Debug|x86.ActiveCfg = Debug|Any CPU
		{048D5587-B629-42A4-9315-D929B0A73EBD}.Release|Any CPU.ActiveCfg = Release|Any CPU
		{048D5587-B629-42A4-9315-D929B0A73EBD}.Release|Any CPU.Build.0 = Release|Any CPU
		{048D5587-B629-42A4-9315-D929B0A73EBD}.Release|Mixed Platforms.ActiveCfg = Release|Any CPU
		{048D5587-B629-42A4-9315-D929B0A73EBD}.Release|Mixed Platforms.Build.0 = Release|Any CPU
		{048D5587-B629-42A4-9315-D929B0A73EBD}.Release|x86.ActiveCfg = Release|Any CPU
		{D90BDE29-1E73-464A-AC0C-3F95B88E27EA}.Debug|Any CPU.ActiveCfg = Debug|Any CPU
		{D90BDE29-1E73-464A-AC0C-3F95B88E27EA}.Debug|Any CPU.Build.0 = Debug|Any CPU
		{D90BDE29-1E73-464A-AC0C-3F95B88E27EA}.Debug|Mixed Platforms.ActiveCfg = Debug|Any CPU
		{D90BDE29-1E73-464A-AC0C-3F95B88E27EA}.Debug|Mixed Platforms.Build.0 = Debug|Any CPU
		{D90BDE29-1E73-464A-AC0C-3F95B88E27EA}.Debug|x86.ActiveCfg = Debug|Any CPU
		{D90BDE29-1E73-464A-AC0C-3F95B88E27EA}.Release|Any CPU.ActiveCfg = Release|Any CPU
		{D90BDE29-1E73-464A-AC0C-3F95B88E27EA}.Release|Any CPU.Build.0 = Release|Any CPU
		{D90BDE29-1E73-464A-AC0C-3F95B88E27EA}.Release|Mixed Platforms.ActiveCfg = Release|Any CPU
		{D90BDE29-1E73-464A-AC0C-3F95B88E27EA}.Release|Mixed Platforms.Build.0 = Release|Any CPU
		{D90BDE29-1E73-464A-AC0C-3F95B88E27EA}.Release|x86.ActiveCfg = Release|Any CPU
	EndGlobalSection
	GlobalSection(SolutionProperties) = preSolution
		HideSolutionNode = FALSE
	EndGlobalSection
EndGlobal
