
Microsoft Visual Studio Solution File, Format Version 12.00
# Visual Studio Version 16
VisualStudioVersion = 16.0.29519.87
MinimumVisualStudioVersion = 10.0.40219.1
Project("{FAE04EC0-301F-11D3-BF4B-00C04F79EFBC}") = "Zaruri", "Zaruri\Zaruri.csproj", "{B55D7F75-B8BA-4836-963C-43DC162B2F83}"
EndProject
Global
	GlobalSection(SolutionConfigurationPlatforms) = preSolution
		Debug|Any CPU = Debug|Any CPU
		Release|Any CPU = Release|Any CPU
	EndGlobalSection
	GlobalSection(ProjectConfigurationPlatforms) = postSolution
		{B55D7F75-B8BA-4836-963C-43DC162B2F83}.Debug|Any CPU.ActiveCfg = Debug|Any CPU
		{B55D7F75-B8BA-4836-963C-43DC162B2F83}.Debug|Any CPU.Build.0 = Debug|Any CPU
		{B55D7F75-B8BA-4836-963C-43DC162B2F83}.Release|Any CPU.ActiveCfg = Release|Any CPU
		{B55D7F75-B8BA-4836-963C-43DC162B2F83}.Release|Any CPU.Build.0 = Release|Any CPU
	EndGlobalSection
	GlobalSection(SolutionProperties) = preSolution
		HideSolutionNode = FALSE
	EndGlobalSection
	GlobalSection(ExtensibilityGlobals) = postSolution
		SolutionGuid = {ACA82053-6754-4137-87B7-DF57109023A1}
	EndGlobalSection
EndGlobal
