
Microsoft Visual Studio Solution File, Format Version 12.00
# Visual Studio 14
VisualStudioVersion = 14.0.25420.1
MinimumVisualStudioVersion = 10.0.40219.1
Project("{FAE04EC0-301F-11D3-BF4B-00C04F79EFBC}") = "Elomen.Library", "Elomen.Library\Elomen.Library.csproj", "{77836C27-53F9-4D1F-9683-C4F91C2FF963}"
EndProject
Project("{FAE04EC0-301F-11D3-BF4B-00C04F79EFBC}") = "Elomen.Tests", "Elomen.Tests\Elomen.Tests.csproj", "{C3465F73-1741-4844-9AD9-B17F468BD855}"
EndProject
Project("{FAE04EC0-301F-11D3-BF4B-00C04F79EFBC}") = "Elomen.Tester", "Elomen.Tester\Elomen.Tester.csproj", "{1C68BAA7-5F81-47CF-825A-D8DC5384926B}"
EndProject
Project("{FAE04EC0-301F-11D3-BF4B-00C04F79EFBC}") = "Elomen.Commands", "Elomen.Commands\Elomen.Commands.csproj", "{6B178D09-3358-4A24-AF3A-B9DC19D7E6E6}"
EndProject
Project("{2150E333-8FDC-42A3-9474-1A3956D46DE8}") = "Solution Items", "Solution Items", "{1449F407-00F7-4C87-AE9C-5DD2B116FCB9}"
	ProjectSection(SolutionItems) = preProject
		notes.txt = notes.txt
	EndProjectSection
EndProject
Project("{FAE04EC0-301F-11D3-BF4B-00C04F79EFBC}") = "Elomen.Spike", "Elomen.Spike\Elomen.Spike.csproj", "{2F1D41C9-3BC7-4615-83EB-D2FF4065C894}"
EndProject
Project("{FAE04EC0-301F-11D3-BF4B-00C04F79EFBC}") = "Elomen.Storage", "Elomen.Storage\Elomen.Storage.csproj", "{F82210D2-408C-4BB0-AB0A-790A035B834D}"
EndProject
Global
	GlobalSection(SolutionConfigurationPlatforms) = preSolution
		Debug|Any CPU = Debug|Any CPU
		Release|Any CPU = Release|Any CPU
	EndGlobalSection
	GlobalSection(ProjectConfigurationPlatforms) = postSolution
		{77836C27-53F9-4D1F-9683-C4F91C2FF963}.Debug|Any CPU.ActiveCfg = Debug|Any CPU
		{77836C27-53F9-4D1F-9683-C4F91C2FF963}.Debug|Any CPU.Build.0 = Debug|Any CPU
		{77836C27-53F9-4D1F-9683-C4F91C2FF963}.Release|Any CPU.ActiveCfg = Release|Any CPU
		{77836C27-53F9-4D1F-9683-C4F91C2FF963}.Release|Any CPU.Build.0 = Release|Any CPU
		{C3465F73-1741-4844-9AD9-B17F468BD855}.Debug|Any CPU.ActiveCfg = Debug|Any CPU
		{C3465F73-1741-4844-9AD9-B17F468BD855}.Debug|Any CPU.Build.0 = Debug|Any CPU
		{C3465F73-1741-4844-9AD9-B17F468BD855}.Release|Any CPU.ActiveCfg = Release|Any CPU
		{C3465F73-1741-4844-9AD9-B17F468BD855}.Release|Any CPU.Build.0 = Release|Any CPU
		{1C68BAA7-5F81-47CF-825A-D8DC5384926B}.Debug|Any CPU.ActiveCfg = Debug|Any CPU
		{1C68BAA7-5F81-47CF-825A-D8DC5384926B}.Debug|Any CPU.Build.0 = Debug|Any CPU
		{1C68BAA7-5F81-47CF-825A-D8DC5384926B}.Release|Any CPU.ActiveCfg = Release|Any CPU
		{1C68BAA7-5F81-47CF-825A-D8DC5384926B}.Release|Any CPU.Build.0 = Release|Any CPU
		{6B178D09-3358-4A24-AF3A-B9DC19D7E6E6}.Debug|Any CPU.ActiveCfg = Debug|Any CPU
		{6B178D09-3358-4A24-AF3A-B9DC19D7E6E6}.Debug|Any CPU.Build.0 = Debug|Any CPU
		{6B178D09-3358-4A24-AF3A-B9DC19D7E6E6}.Release|Any CPU.ActiveCfg = Release|Any CPU
		{6B178D09-3358-4A24-AF3A-B9DC19D7E6E6}.Release|Any CPU.Build.0 = Release|Any CPU
		{2F1D41C9-3BC7-4615-83EB-D2FF4065C894}.Debug|Any CPU.ActiveCfg = Debug|Any CPU
		{2F1D41C9-3BC7-4615-83EB-D2FF4065C894}.Debug|Any CPU.Build.0 = Debug|Any CPU
		{2F1D41C9-3BC7-4615-83EB-D2FF4065C894}.Release|Any CPU.ActiveCfg = Release|Any CPU
		{2F1D41C9-3BC7-4615-83EB-D2FF4065C894}.Release|Any CPU.Build.0 = Release|Any CPU
		{F82210D2-408C-4BB0-AB0A-790A035B834D}.Debug|Any CPU.ActiveCfg = Debug|Any CPU
		{F82210D2-408C-4BB0-AB0A-790A035B834D}.Debug|Any CPU.Build.0 = Debug|Any CPU
		{F82210D2-408C-4BB0-AB0A-790A035B834D}.Release|Any CPU.ActiveCfg = Release|Any CPU
		{F82210D2-408C-4BB0-AB0A-790A035B834D}.Release|Any CPU.Build.0 = Release|Any CPU
	EndGlobalSection
	GlobalSection(SolutionProperties) = preSolution
		HideSolutionNode = FALSE
	EndGlobalSection
EndGlobal
