
Microsoft Visual Studio Solution File, Format Version 12.00
# Visual Studio 2012
Project("{2150E333-8FDC-42A3-9474-1A3956D46DE8}") = "Solution Items", "Solution Items", "{A3E408A4-0B48-4559-9693-9A8CBF1D06A1}"
	ProjectSection(SolutionItems) = preProject
		Contract Worksheet.pdf = Contract Worksheet.pdf
		form12a.pdf = form12a.pdf
		spec.txt = spec.txt
	EndProjectSection
EndProject
Project("{FAE04EC0-301F-11D3-BF4B-00C04F79EFBC}") = "Spikes", "Spikes\Spikes.csproj", "{222A721E-93EC-4F04-AE37-2B60D0CAA659}"
EndProject
Project("{FAE04EC0-301F-11D3-BF4B-00C04F79EFBC}") = "Pdf.Tests", "Pdf.Tests\Pdf.Tests.csproj", "{7815E514-2466-47BC-8332-42663985E2E8}"
EndProject
Project("{FAE04EC0-301F-11D3-BF4B-00C04F79EFBC}") = "Pdf.Library", "Pdf.Library\Pdf.Library.csproj", "{8462D8AE-343D-42B1-A446-37378E49E4E7}"
EndProject
Global
	GlobalSection(SolutionConfigurationPlatforms) = preSolution
		Debug|Any CPU = Debug|Any CPU
		Release|Any CPU = Release|Any CPU
	EndGlobalSection
	GlobalSection(ProjectConfigurationPlatforms) = postSolution
		{222A721E-93EC-4F04-AE37-2B60D0CAA659}.Debug|Any CPU.ActiveCfg = Debug|Any CPU
		{222A721E-93EC-4F04-AE37-2B60D0CAA659}.Debug|Any CPU.Build.0 = Debug|Any CPU
		{222A721E-93EC-4F04-AE37-2B60D0CAA659}.Release|Any CPU.ActiveCfg = Release|Any CPU
		{222A721E-93EC-4F04-AE37-2B60D0CAA659}.Release|Any CPU.Build.0 = Release|Any CPU
		{7815E514-2466-47BC-8332-42663985E2E8}.Debug|Any CPU.ActiveCfg = Debug|Any CPU
		{7815E514-2466-47BC-8332-42663985E2E8}.Debug|Any CPU.Build.0 = Debug|Any CPU
		{7815E514-2466-47BC-8332-42663985E2E8}.Release|Any CPU.ActiveCfg = Release|Any CPU
		{7815E514-2466-47BC-8332-42663985E2E8}.Release|Any CPU.Build.0 = Release|Any CPU
		{8462D8AE-343D-42B1-A446-37378E49E4E7}.Debug|Any CPU.ActiveCfg = Debug|Any CPU
		{8462D8AE-343D-42B1-A446-37378E49E4E7}.Debug|Any CPU.Build.0 = Debug|Any CPU
		{8462D8AE-343D-42B1-A446-37378E49E4E7}.Release|Any CPU.ActiveCfg = Release|Any CPU
		{8462D8AE-343D-42B1-A446-37378E49E4E7}.Release|Any CPU.Build.0 = Release|Any CPU
	EndGlobalSection
	GlobalSection(SolutionProperties) = preSolution
		HideSolutionNode = FALSE
	EndGlobalSection
EndGlobal
