
Microsoft Visual Studio Solution File, Format Version 12.00
# Visual Studio 2013
VisualStudioVersion = 12.0.40629.0
MinimumVisualStudioVersion = 10.0.40219.1
Project("{FAE04EC0-301F-11D3-BF4B-00C04F79EFBC}") = "GWBasicCompiler.Tests", "GWBasicCompiler.Tests\GWBasicCompiler.Tests.csproj", "{7960FC2A-ACE9-43F2-B353-3E1F69B7AEA1}"
EndProject
Project("{FAE04EC0-301F-11D3-BF4B-00C04F79EFBC}") = "GWBasicCompiler.Library", "GWBasicCompiler.Library\GWBasicCompiler.Library.csproj", "{360FBB7C-61CB-4550-9B13-4DFAB354C628}"
EndProject
Project("{FAE04EC0-301F-11D3-BF4B-00C04F79EFBC}") = "GWBasicCompiler", "GWBasicCompiler\GWBasicCompiler.csproj", "{07F53A3D-0167-45EB-9D03-C0F27E4AF340}"
EndProject
Global
	GlobalSection(SolutionConfigurationPlatforms) = preSolution
		Debug|Any CPU = Debug|Any CPU
		Release|Any CPU = Release|Any CPU
	EndGlobalSection
	GlobalSection(ProjectConfigurationPlatforms) = postSolution
		{7960FC2A-ACE9-43F2-B353-3E1F69B7AEA1}.Debug|Any CPU.ActiveCfg = Debug|Any CPU
		{7960FC2A-ACE9-43F2-B353-3E1F69B7AEA1}.Debug|Any CPU.Build.0 = Debug|Any CPU
		{7960FC2A-ACE9-43F2-B353-3E1F69B7AEA1}.Release|Any CPU.ActiveCfg = Release|Any CPU
		{7960FC2A-ACE9-43F2-B353-3E1F69B7AEA1}.Release|Any CPU.Build.0 = Release|Any CPU
		{360FBB7C-61CB-4550-9B13-4DFAB354C628}.Debug|Any CPU.ActiveCfg = Debug|Any CPU
		{360FBB7C-61CB-4550-9B13-4DFAB354C628}.Debug|Any CPU.Build.0 = Debug|Any CPU
		{360FBB7C-61CB-4550-9B13-4DFAB354C628}.Release|Any CPU.ActiveCfg = Release|Any CPU
		{360FBB7C-61CB-4550-9B13-4DFAB354C628}.Release|Any CPU.Build.0 = Release|Any CPU
		{07F53A3D-0167-45EB-9D03-C0F27E4AF340}.Debug|Any CPU.ActiveCfg = Debug|Any CPU
		{07F53A3D-0167-45EB-9D03-C0F27E4AF340}.Debug|Any CPU.Build.0 = Debug|Any CPU
		{07F53A3D-0167-45EB-9D03-C0F27E4AF340}.Release|Any CPU.ActiveCfg = Release|Any CPU
		{07F53A3D-0167-45EB-9D03-C0F27E4AF340}.Release|Any CPU.Build.0 = Release|Any CPU
	EndGlobalSection
	GlobalSection(SolutionProperties) = preSolution
		HideSolutionNode = FALSE
	EndGlobalSection
EndGlobal
