
Microsoft Visual Studio Solution File, Format Version 12.00
# Visual Studio Version 17
VisualStudioVersion = 17.5.33424.131
MinimumVisualStudioVersion = 10.0.40219.1
Project("{FAE04EC0-301F-11D3-BF4B-00C04F79EFBC}") = "CustomDialogs", "CustomDialogs\CustomDialogs.csproj", "{FA553DDC-F289-439A-A2DC-73DD8F7DB906}"
EndProject
Project("{FAE04EC0-301F-11D3-BF4B-00C04F79EFBC}") = "CustomDialogs.Library_32", "CustomDialogs.Library_32\CustomDialogs.Library_32.csproj", "{F6AE9B96-99CE-4340-BB19-E8CD56E44BBD}"
EndProject
Project("{FAE04EC0-301F-11D3-BF4B-00C04F79EFBC}") = "CustomDialogs.Library_64", "CustomDialogs.Library_64\CustomDialogs.Library_64.csproj", "{03F259BE-AEE2-4E53-9A05-07572CAD4981}"
EndProject
Project("{FAE04EC0-301F-11D3-BF4B-00C04F79EFBC}") = "CustomDialogs.Library_Common", "CustomDialogs.Library_Common\CustomDialogs.Library_Common.csproj", "{ABEF4774-242E-4967-8AEB-6AEDC2A81755}"
EndProject
Global
	GlobalSection(SolutionConfigurationPlatforms) = preSolution
		Debug|Any CPU = Debug|Any CPU
		Release|Any CPU = Release|Any CPU
	EndGlobalSection
	GlobalSection(ProjectConfigurationPlatforms) = postSolution
		{FA553DDC-F289-439A-A2DC-73DD8F7DB906}.Debug|Any CPU.ActiveCfg = Debug|Any CPU
		{FA553DDC-F289-439A-A2DC-73DD8F7DB906}.Debug|Any CPU.Build.0 = Debug|Any CPU
		{FA553DDC-F289-439A-A2DC-73DD8F7DB906}.Release|Any CPU.ActiveCfg = Release|Any CPU
		{FA553DDC-F289-439A-A2DC-73DD8F7DB906}.Release|Any CPU.Build.0 = Release|Any CPU
		{F6AE9B96-99CE-4340-BB19-E8CD56E44BBD}.Debug|Any CPU.ActiveCfg = Debug|x86
		{F6AE9B96-99CE-4340-BB19-E8CD56E44BBD}.Debug|Any CPU.Build.0 = Debug|x86
		{F6AE9B96-99CE-4340-BB19-E8CD56E44BBD}.Release|Any CPU.ActiveCfg = Release|x86
		{F6AE9B96-99CE-4340-BB19-E8CD56E44BBD}.Release|Any CPU.Build.0 = Release|x86
		{03F259BE-AEE2-4E53-9A05-07572CAD4981}.Debug|Any CPU.ActiveCfg = Debug|x64
		{03F259BE-AEE2-4E53-9A05-07572CAD4981}.Debug|Any CPU.Build.0 = Debug|x64
		{03F259BE-AEE2-4E53-9A05-07572CAD4981}.Release|Any CPU.ActiveCfg = Release|x64
		{03F259BE-AEE2-4E53-9A05-07572CAD4981}.Release|Any CPU.Build.0 = Release|x64
		{ABEF4774-242E-4967-8AEB-6AEDC2A81755}.Debug|Any CPU.ActiveCfg = Debug|Any CPU
		{ABEF4774-242E-4967-8AEB-6AEDC2A81755}.Debug|Any CPU.Build.0 = Debug|Any CPU
		{ABEF4774-242E-4967-8AEB-6AEDC2A81755}.Release|Any CPU.ActiveCfg = Release|Any CPU
		{ABEF4774-242E-4967-8AEB-6AEDC2A81755}.Release|Any CPU.Build.0 = Release|Any CPU
	EndGlobalSection
	GlobalSection(SolutionProperties) = preSolution
		HideSolutionNode = FALSE
	EndGlobalSection
	GlobalSection(ExtensibilityGlobals) = postSolution
		SolutionGuid = {34FAE05E-51A1-4E23-BC2C-DE0FCE73C3CE}
	EndGlobalSection
EndGlobal
