
Microsoft Visual Studio Solution File, Format Version 12.00
# Visual Studio 2013
VisualStudioVersion = 12.0.31101.0
MinimumVisualStudioVersion = 10.0.40219.1
Project("{FAE04EC0-301F-11D3-BF4B-00C04F79EFBC}") = "ISBN.Library", "ISBN.Library\ISBN.Library.csproj", "{EF54F40A-0806-4412-921F-8ABD2DAF6697}"
EndProject
Project("{FAE04EC0-301F-11D3-BF4B-00C04F79EFBC}") = "ISBN.Tests", "ISBN.Tests\ISBN.Tests.csproj", "{423E90B7-A151-4EB0-BD7B-CF3E6E473B98}"
EndProject
Global
	GlobalSection(SolutionConfigurationPlatforms) = preSolution
		Debug|Any CPU = Debug|Any CPU
		Release|Any CPU = Release|Any CPU
	EndGlobalSection
	GlobalSection(ProjectConfigurationPlatforms) = postSolution
		{EF54F40A-0806-4412-921F-8ABD2DAF6697}.Debug|Any CPU.ActiveCfg = Debug|Any CPU
		{EF54F40A-0806-4412-921F-8ABD2DAF6697}.Debug|Any CPU.Build.0 = Debug|Any CPU
		{EF54F40A-0806-4412-921F-8ABD2DAF6697}.Release|Any CPU.ActiveCfg = Release|Any CPU
		{EF54F40A-0806-4412-921F-8ABD2DAF6697}.Release|Any CPU.Build.0 = Release|Any CPU
		{423E90B7-A151-4EB0-BD7B-CF3E6E473B98}.Debug|Any CPU.ActiveCfg = Debug|Any CPU
		{423E90B7-A151-4EB0-BD7B-CF3E6E473B98}.Debug|Any CPU.Build.0 = Debug|Any CPU
		{423E90B7-A151-4EB0-BD7B-CF3E6E473B98}.Release|Any CPU.ActiveCfg = Release|Any CPU
		{423E90B7-A151-4EB0-BD7B-CF3E6E473B98}.Release|Any CPU.Build.0 = Release|Any CPU
	EndGlobalSection
	GlobalSection(SolutionProperties) = preSolution
		HideSolutionNode = FALSE
	EndGlobalSection
EndGlobal
