
Microsoft Visual Studio Solution File, Format Version 12.00
# Visual Studio 14
VisualStudioVersion = 14.0.23107.0
MinimumVisualStudioVersion = 10.0.40219.1
Project("{FAE04EC0-301F-11D3-BF4B-00C04F79EFBC}") = "Giles.Library", "Giles.Library\Giles.Library.csproj", "{673931F3-8F87-4E4F-86A0-5B1B5FA2DCE4}"
EndProject
Project("{FAE04EC0-301F-11D3-BF4B-00C04F79EFBC}") = "Giles.Tests", "Giles.Tests\Giles.Tests.csproj", "{69C0477D-1C2F-4F3C-B884-38EB74CBC547}"
EndProject
Project("{2150E333-8FDC-42A3-9474-1A3956D46DE8}") = "Solution Items", "Solution Items", "{D00B9586-FBC8-4CC8-B445-F6049FCA43C5}"
	ProjectSection(SolutionItems) = preProject
		giles.pptx = giles.pptx
		giles.xlsx = giles.xlsx
		notes.txt = notes.txt
	EndProjectSection
EndProject
Project("{FAE04EC0-301F-11D3-BF4B-00C04F79EFBC}") = "Giles.Api", "Giles.Api\Giles.Api.csproj", "{7889557F-1F48-46EE-AD46-3853EAD7612E}"
EndProject
Global
	GlobalSection(SolutionConfigurationPlatforms) = preSolution
		Debug|Any CPU = Debug|Any CPU
		Release|Any CPU = Release|Any CPU
	EndGlobalSection
	GlobalSection(ProjectConfigurationPlatforms) = postSolution
		{673931F3-8F87-4E4F-86A0-5B1B5FA2DCE4}.Debug|Any CPU.ActiveCfg = Debug|Any CPU
		{673931F3-8F87-4E4F-86A0-5B1B5FA2DCE4}.Debug|Any CPU.Build.0 = Debug|Any CPU
		{673931F3-8F87-4E4F-86A0-5B1B5FA2DCE4}.Release|Any CPU.ActiveCfg = Release|Any CPU
		{673931F3-8F87-4E4F-86A0-5B1B5FA2DCE4}.Release|Any CPU.Build.0 = Release|Any CPU
		{69C0477D-1C2F-4F3C-B884-38EB74CBC547}.Debug|Any CPU.ActiveCfg = Debug|Any CPU
		{69C0477D-1C2F-4F3C-B884-38EB74CBC547}.Debug|Any CPU.Build.0 = Debug|Any CPU
		{69C0477D-1C2F-4F3C-B884-38EB74CBC547}.Release|Any CPU.ActiveCfg = Release|Any CPU
		{69C0477D-1C2F-4F3C-B884-38EB74CBC547}.Release|Any CPU.Build.0 = Release|Any CPU
		{7889557F-1F48-46EE-AD46-3853EAD7612E}.Debug|Any CPU.ActiveCfg = Debug|Any CPU
		{7889557F-1F48-46EE-AD46-3853EAD7612E}.Debug|Any CPU.Build.0 = Debug|Any CPU
		{7889557F-1F48-46EE-AD46-3853EAD7612E}.Release|Any CPU.ActiveCfg = Release|Any CPU
		{7889557F-1F48-46EE-AD46-3853EAD7612E}.Release|Any CPU.Build.0 = Release|Any CPU
	EndGlobalSection
	GlobalSection(SolutionProperties) = preSolution
		HideSolutionNode = FALSE
	EndGlobalSection
EndGlobal
