
Microsoft Visual Studio Solution File, Format Version 12.00
# Visual Studio 15
VisualStudioVersion = 15.0.26730.12
MinimumVisualStudioVersion = 10.0.40219.1
Project("{FAE04EC0-301F-11D3-BF4B-00C04F79EFBC}") = "WebScraping.Library", "WebScraping.Library\WebScraping.Library.csproj", "{DE525B17-62E7-4E63-BB96-3C1C332466AB}"
EndProject
Project("{FAE04EC0-301F-11D3-BF4B-00C04F79EFBC}") = "WebScraping.Tests", "WebScraping.Tests\WebScraping.Tests.csproj", "{9C7E4C22-5808-4C50-8634-667D53FCB759}"
EndProject
Project("{2150E333-8FDC-42A3-9474-1A3956D46DE8}") = "Solution Items", "Solution Items", "{BD25E12A-AD00-4A2A-A20D-7FD8D95F1A0C}"
	ProjectSection(SolutionItems) = preProject
		notes.txt = notes.txt
	EndProjectSection
EndProject
Global
	GlobalSection(SolutionConfigurationPlatforms) = preSolution
		Debug|Any CPU = Debug|Any CPU
		Release|Any CPU = Release|Any CPU
	EndGlobalSection
	GlobalSection(ProjectConfigurationPlatforms) = postSolution
		{DE525B17-62E7-4E63-BB96-3C1C332466AB}.Debug|Any CPU.ActiveCfg = Debug|Any CPU
		{DE525B17-62E7-4E63-BB96-3C1C332466AB}.Debug|Any CPU.Build.0 = Debug|Any CPU
		{DE525B17-62E7-4E63-BB96-3C1C332466AB}.Release|Any CPU.ActiveCfg = Release|Any CPU
		{DE525B17-62E7-4E63-BB96-3C1C332466AB}.Release|Any CPU.Build.0 = Release|Any CPU
		{9C7E4C22-5808-4C50-8634-667D53FCB759}.Debug|Any CPU.ActiveCfg = Debug|Any CPU
		{9C7E4C22-5808-4C50-8634-667D53FCB759}.Debug|Any CPU.Build.0 = Debug|Any CPU
		{9C7E4C22-5808-4C50-8634-667D53FCB759}.Release|Any CPU.ActiveCfg = Release|Any CPU
		{9C7E4C22-5808-4C50-8634-667D53FCB759}.Release|Any CPU.Build.0 = Release|Any CPU
	EndGlobalSection
	GlobalSection(SolutionProperties) = preSolution
		HideSolutionNode = FALSE
	EndGlobalSection
	GlobalSection(ExtensibilityGlobals) = postSolution
		SolutionGuid = {E0FB062C-1DC2-4006-AB4F-B23934CDE64A}
	EndGlobalSection
EndGlobal
